// !$*UTF8*$!
{
	archiveVersion = 1;
	classes = {
	};
	objectVersion = 48;
	objects = {

/* Begin PBXBuildFile section */
		2F44CAD3206A7FCD0038A822 /* AppDelegate.m in Sources */ = {isa = PBXBuildFile; fileRef = 2F44CAD2206A7FCD0038A822 /* AppDelegate.m */; };
		2F44CAD6206A7FCD0038A822 /* ViewController.m in Sources */ = {isa = PBXBuildFile; fileRef = 2F44CAD5206A7FCD0038A822 /* ViewController.m */; };
		2F44CAD9206A7FCD0038A822 /* Main.storyboard in Resources */ = {isa = PBXBuildFile; fileRef = 2F44CAD7206A7FCD0038A822 /* Main.storyboard */; };
		2F44CADB206A7FCD0038A822 /* Assets.xcassets in Resources */ = {isa = PBXBuildFile; fileRef = 2F44CADA206A7FCD0038A822 /* Assets.xcassets */; };
		2F44CADE206A7FCD0038A822 /* LaunchScreen.storyboard in Resources */ = {isa = PBXBuildFile; fileRef = 2F44CADC206A7FCD0038A822 /* LaunchScreen.storyboard */; };
		2F44CAE1206A7FCD0038A822 /* main.m in Sources */ = {isa = PBXBuildFile; fileRef = 2F44CAE0206A7FCD0038A822 /* main.m */; };
		2F44CAEB206A7FCD0038A822 /* Level_2Tests.m in Sources */ = {isa = PBXBuildFile; fileRef = 2F44CAEA206A7FCD0038A822 /* Level_2Tests.m */; };
		2F44CAF6206A7FCD0038A822 /* Level_2UITests.m in Sources */ = {isa = PBXBuildFile; fileRef = 2F44CAF5206A7FCD0038A822 /* Level_2UITests.m */; };
		2F44CB05206A80040038A822 /* MDLViewController.m in Sources */ = {isa = PBXBuildFile; fileRef = 2F44CB04206A80040038A822 /* MDLViewController.m */; };
		2F44CB15206A860A0038A822 /* UINavigationController+shouldPopExtension.m in Sources */ = {isa = PBXBuildFile; fileRef = 2F44CB14206A860A0038A822 /* UINavigationController+shouldPopExtension.m */; };
/* End PBXBuildFile section */

/* Begin PBXContainerItemProxy section */
		2F44CAE7206A7FCD0038A822 /* PBXContainerItemProxy */ = {
			isa = PBXContainerItemProxy;
			containerPortal = 2F44CAC6206A7FCD0038A822 /* Project object */;
			proxyType = 1;
			remoteGlobalIDString = 2F44CACD206A7FCD0038A822;
			remoteInfo = Level_2;
		};
		2F44CAF2206A7FCD0038A822 /* PBXContainerItemProxy */ = {
			isa = PBXContainerItemProxy;
			containerPortal = 2F44CAC6206A7FCD0038A822 /* Project object */;
			proxyType = 1;
			remoteGlobalIDString = 2F44CACD206A7FCD0038A822;
			remoteInfo = Level_2;
		};
/* End PBXContainerItemProxy section */

/* Begin PBXFileReference section */
		2F44CACE206A7FCD0038A822 /* Level_2.app */ = {isa = PBXFileReference; explicitFileType = wrapper.application; includeInIndex = 0; path = Level_2.app; sourceTree = BUILT_PRODUCTS_DIR; };
		2F44CAD1206A7FCD0038A822 /* AppDelegate.h */ = {isa = PBXFileReference; lastKnownFileType = sourcecode.c.h; path = AppDelegate.h; sourceTree = "<group>"; };
		2F44CAD2206A7FCD0038A822 /* AppDelegate.m */ = {isa = PBXFileReference; lastKnownFileType = sourcecode.c.objc; path = AppDelegate.m; sourceTree = "<group>"; };
		2F44CAD4206A7FCD0038A822 /* ViewController.h */ = {isa = PBXFileReference; lastKnownFileType = sourcecode.c.h; path = ViewController.h; sourceTree = "<group>"; };
		2F44CAD5206A7FCD0038A822 /* ViewController.m */ = {isa = PBXFileReference; lastKnownFileType = sourcecode.c.objc; path = ViewController.m; sourceTree = "<group>"; };
		2F44CAD8206A7FCD0038A822 /* Base */ = {isa = PBXFileReference; lastKnownFileType = file.storyboard; name = Base; path = Base.lproj/Main.storyboard; sourceTree = "<group>"; };
		2F44CADA206A7FCD0038A822 /* Assets.xcassets */ = {isa = PBXFileReference; lastKnownFileType = folder.assetcatalog; path = Assets.xcassets; sourceTree = "<group>"; };
		2F44CADD206A7FCD0038A822 /* Base */ = {isa = PBXFileReference; lastKnownFileType = file.storyboard; name = Base; path = Base.lproj/LaunchScreen.storyboard; sourceTree = "<group>"; };
		2F44CADF206A7FCD0038A822 /* Info.plist */ = {isa = PBXFileReference; lastKnownFileType = text.plist.xml; path = Info.plist; sourceTree = "<group>"; };
		2F44CAE0206A7FCD0038A822 /* main.m */ = {isa = PBXFileReference; lastKnownFileType = sourcecode.c.objc; path = main.m; sourceTree = "<group>"; };
		2F44CAE6206A7FCD0038A822 /* Level_2Tests.xctest */ = {isa = PBXFileReference; explicitFileType = wrapper.cfbundle; includeInIndex = 0; path = Level_2Tests.xctest; sourceTree = BUILT_PRODUCTS_DIR; };
		2F44CAEA206A7FCD0038A822 /* Level_2Tests.m */ = {isa = PBXFileReference; lastKnownFileType = sourcecode.c.objc; path = Level_2Tests.m; sourceTree = "<group>"; };
		2F44CAEC206A7FCD0038A822 /* Info.plist */ = {isa = PBXFileReference; lastKnownFileType = text.plist.xml; path = Info.plist; sourceTree = "<group>"; };
		2F44CAF1206A7FCD0038A822 /* Level_2UITests.xctest */ = {isa = PBXFileReference; explicitFileType = wrapper.cfbundle; includeInIndex = 0; path = Level_2UITests.xctest; sourceTree = BUILT_PRODUCTS_DIR; };
		2F44CAF5206A7FCD0038A822 /* Level_2UITests.m */ = {isa = PBXFileReference; lastKnownFileType = sourcecode.c.objc; path = Level_2UITests.m; sourceTree = "<group>"; };
		2F44CAF7206A7FCD0038A822 /* Info.plist */ = {isa = PBXFileReference; lastKnownFileType = text.plist.xml; path = Info.plist; sourceTree = "<group>"; };
		2F44CB03206A80040038A822 /* MDLViewController.h */ = {isa = PBXFileReference; lastKnownFileType = sourcecode.c.h; path = MDLViewController.h; sourceTree = "<group>"; };
		2F44CB04206A80040038A822 /* MDLViewController.m */ = {isa = PBXFileReference; lastKnownFileType = sourcecode.c.objc; path = MDLViewController.m; sourceTree = "<group>"; };
		2F44CB13206A860A0038A822 /* UINavigationController+shouldPopExtension.h */ = {isa = PBXFileReference; lastKnownFileType = sourcecode.c.h; path = "UINavigationController+shouldPopExtension.h"; sourceTree = "<group>"; };
		2F44CB14206A860A0038A822 /* UINavigationController+shouldPopExtension.m */ = {isa = PBXFileReference; lastKnownFileType = sourcecode.c.objc; path = "UINavigationController+shouldPopExtension.m"; sourceTree = "<group>"; };
/* End PBXFileReference section */

/* Begin PBXFrameworksBuildPhase section */
		2F44CACB206A7FCD0038A822 /* Frameworks */ = {
			isa = PBXFrameworksBuildPhase;
			buildActionMask = 2147483647;
			files = (
			);
			runOnlyForDeploymentPostprocessing = 0;
		};
		2F44CAE3206A7FCD0038A822 /* Frameworks */ = {
			isa = PBXFrameworksBuildPhase;
			buildActionMask = 2147483647;
			files = (
			);
			runOnlyForDeploymentPostprocessing = 0;
		};
		2F44CAEE206A7FCD0038A822 /* Frameworks */ = {
			isa = PBXFrameworksBuildPhase;
			buildActionMask = 2147483647;
			files = (
			);
			runOnlyForDeploymentPostprocessing = 0;
		};
/* End PBXFrameworksBuildPhase section */

/* Begin PBXGroup section */
		2F44CAC5206A7FCD0038A822 = {
			isa = PBXGroup;
			children = (
				2F44CAD0206A7FCD0038A822 /* Level_2 */,
				2F44CAE9206A7FCD0038A822 /* Level_2Tests */,
				2F44CAF4206A7FCD0038A822 /* Level_2UITests */,
				2F44CACF206A7FCD0038A822 /* Products */,
			);
			sourceTree = "<group>";
		};
		2F44CACF206A7FCD0038A822 /* Products */ = {
			isa = PBXGroup;
			children = (
				2F44CACE206A7FCD0038A822 /* Level_2.app */,
				2F44CAE6206A7FCD0038A822 /* Level_2Tests.xctest */,
				2F44CAF1206A7FCD0038A822 /* Level_2UITests.xctest */,
			);
			name = Products;
			sourceTree = "<group>";
		};
		2F44CAD0206A7FCD0038A822 /* Level_2 */ = {
			isa = PBXGroup;
			children = (
				2F44CAD1206A7FCD0038A822 /* AppDelegate.h */,
				2F44CAD2206A7FCD0038A822 /* AppDelegate.m */,
				2F44CAD4206A7FCD0038A822 /* ViewController.h */,
				2F44CAD5206A7FCD0038A822 /* ViewController.m */,
				2F44CB03206A80040038A822 /* MDLViewController.h */,
				2F44CB04206A80040038A822 /* MDLViewController.m */,
				2F44CB13206A860A0038A822 /* UINavigationController+shouldPopExtension.h */,
				2F44CB14206A860A0038A822 /* UINavigationController+shouldPopExtension.m */,
				2F44CAD7206A7FCD0038A822 /* Main.storyboard */,
				2F44CADA206A7FCD0038A822 /* Assets.xcassets */,
				2F44CADC206A7FCD0038A822 /* LaunchScreen.storyboard */,
				2F44CADF206A7FCD0038A822 /* Info.plist */,
				2F44CAE0206A7FCD0038A822 /* main.m */,
			);
			path = Level_2;
			sourceTree = "<group>";
		};
		2F44CAE9206A7FCD0038A822 /* Level_2Tests */ = {
			isa = PBXGroup;
			children = (
				2F44CAEA206A7FCD0038A822 /* Level_2Tests.m */,
				2F44CAEC206A7FCD0038A822 /* Info.plist */,
			);
			path = Level_2Tests;
			sourceTree = "<group>";
		};
		2F44CAF4206A7FCD0038A822 /* Level_2UITests */ = {
			isa = PBXGroup;
			children = (
				2F44CAF5206A7FCD0038A822 /* Level_2UITests.m */,
				2F44CAF7206A7FCD0038A822 /* Info.plist */,
			);
			path = Level_2UITests;
			sourceTree = "<group>";
		};
/* End PBXGroup section */

/* Begin PBXNativeTarget section */
		2F44CACD206A7FCD0038A822 /* Level_2 */ = {
			isa = PBXNativeTarget;
			buildConfigurationList = 2F44CAFA206A7FCD0038A822 /* Build configuration list for PBXNativeTarget "Level_2" */;
			buildPhases = (
				2F44CACA206A7FCD0038A822 /* Sources */,
				2F44CACB206A7FCD0038A822 /* Frameworks */,
				2F44CACC206A7FCD0038A822 /* Resources */,
			);
			buildRules = (
			);
			dependencies = (
			);
			name = Level_2;
			productName = Level_2;
			productReference = 2F44CACE206A7FCD0038A822 /* Level_2.app */;
			productType = "com.apple.product-type.application";
		};
		2F44CAE5206A7FCD0038A822 /* Level_2Tests */ = {
			isa = PBXNativeTarget;
			buildConfigurationList = 2F44CAFD206A7FCD0038A822 /* Build configuration list for PBXNativeTarget "Level_2Tests" */;
			buildPhases = (
				2F44CAE2206A7FCD0038A822 /* Sources */,
				2F44CAE3206A7FCD0038A822 /* Frameworks */,
				2F44CAE4206A7FCD0038A822 /* Resources */,
			);
			buildRules = (
			);
			dependencies = (
				2F44CAE8206A7FCD0038A822 /* PBXTargetDependency */,
			);
			name = Level_2Tests;
			productName = Level_2Tests;
			productReference = 2F44CAE6206A7FCD0038A822 /* Level_2Tests.xctest */;
			productType = "com.apple.product-type.bundle.unit-test";
		};
		2F44CAF0206A7FCD0038A822 /* Level_2UITests */ = {
			isa = PBXNativeTarget;
			buildConfigurationList = 2F44CB00206A7FCD0038A822 /* Build configuration list for PBXNativeTarget "Level_2UITests" */;
			buildPhases = (
				2F44CAED206A7FCD0038A822 /* Sources */,
				2F44CAEE206A7FCD0038A822 /* Frameworks */,
				2F44CAEF206A7FCD0038A822 /* Resources */,
			);
			buildRules = (
			);
			dependencies = (
				2F44CAF3206A7FCD0038A822 /* PBXTargetDependency */,
			);
			name = Level_2UITests;
			productName = Level_2UITests;
			productReference = 2F44CAF1206A7FCD0038A822 /* Level_2UITests.xctest */;
			productType = "com.apple.product-type.bundle.ui-testing";
		};
/* End PBXNativeTarget section */

/* Begin PBXProject section */
		2F44CAC6206A7FCD0038A822 /* Project object */ = {
			isa = PBXProject;
			attributes = {
				LastUpgradeCheck = 0920;
				ORGANIZATIONNAME = "丁磊";
				TargetAttributes = {
					2F44CACD206A7FCD0038A822 = {
						CreatedOnToolsVersion = 9.2;
						ProvisioningStyle = Automatic;
					};
					2F44CAE5206A7FCD0038A822 = {
						CreatedOnToolsVersion = 9.2;
						ProvisioningStyle = Automatic;
						TestTargetID = 2F44CACD206A7FCD0038A822;
					};
					2F44CAF0206A7FCD0038A822 = {
						CreatedOnToolsVersion = 9.2;
						ProvisioningStyle = Automatic;
						TestTargetID = 2F44CACD206A7FCD0038A822;
					};
				};
			};
			buildConfigurationList = 2F44CAC9206A7FCD0038A822 /* Build configuration list for PBXProject "Level_2" */;
			compatibilityVersion = "Xcode 8.0";
			developmentRegion = en;
			hasScannedForEncodings = 0;
			knownRegions = (
				en,
				Base,
			);
			mainGroup = 2F44CAC5206A7FCD0038A822;
			productRefGroup = 2F44CACF206A7FCD0038A822 /* Products */;
			projectDirPath = "";
			projectRoot = "";
			targets = (
				2F44CACD206A7FCD0038A822 /* Level_2 */,
				2F44CAE5206A7FCD0038A822 /* Level_2Tests */,
				2F44CAF0206A7FCD0038A822 /* Level_2UITests */,
			);
		};
/* End PBXProject section */

/* Begin PBXResourcesBuildPhase section */
		2F44CACC206A7FCD0038A822 /* Resources */ = {
			isa = PBXResourcesBuildPhase;
			buildActionMask = 2147483647;
			files = (
				2F44CADE206A7FCD0038A822 /* LaunchScreen.storyboard in Resources */,
				2F44CADB206A7FCD0038A822 /* Assets.xcassets in Resources */,
				2F44CAD9206A7FCD0038A822 /* Main.storyboard in Resources */,
			);
			runOnlyForDeploymentPostprocessing = 0;
		};
		2F44CAE4206A7FCD0038A822 /* Resources */ = {
			isa = PBXResourcesBuildPhase;
			buildActionMask = 2147483647;
			files = (
			);
			runOnlyForDeploymentPostprocessing = 0;
		};
		2F44CAEF206A7FCD0038A822 /* Resources */ = {
			isa = PBXResourcesBuildPhase;
			buildActionMask = 2147483647;
			files = (
			);
			runOnlyForDeploymentPostprocessing = 0;
		};
/* End PBXResourcesBuildPhase section */

/* Begin PBXSourcesBuildPhase section */
		2F44CACA206A7FCD0038A822 /* Sources */ = {
			isa = PBXSourcesBuildPhase;
			buildActionMask = 2147483647;
			files = (
				2F44CB15206A860A0038A822 /* UINavigationController+shouldPopExtension.m in Sources */,
				2F44CAD6206A7FCD0038A822 /* ViewController.m in Sources */,
				2F44CAE1206A7FCD0038A822 /* main.m in Sources */,
				2F44CB05206A80040038A822 /* MDLViewController.m in Sources */,
				2F44CAD3206A7FCD0038A822 /* AppDelegate.m in Sources */,
			);
			runOnlyForDeploymentPostprocessing = 0;
		};
		2F44CAE2206A7FCD0038A822 /* Sources */ = {
			isa = PBXSourcesBuildPhase;
			buildActionMask = 2147483647;
			files = (
				2F44CAEB206A7FCD0038A822 /* Level_2Tests.m in Sources */,
			);
			runOnlyForDeploymentPostprocessing = 0;
		};
		2F44CAED206A7FCD0038A822 /* Sources */ = {
			isa = PBXSourcesBuildPhase;
			buildActionMask = 2147483647;
			files = (
				2F44CAF6206A7FCD0038A822 /* Level_2UITests.m in Sources */,
			);
			runOnlyForDeploymentPostprocessing = 0;
		};
/* End PBXSourcesBuildPhase section */

/* Begin PBXTargetDependency section */
		2F44CAE8206A7FCD0038A822 /* PBXTargetDependency */ = {
			isa = PBXTargetDependency;
			target = 2F44CACD206A7FCD0038A822 /* Level_2 */;
			targetProxy = 2F44CAE7206A7FCD0038A822 /* PBXContainerItemProxy */;
		};
		2F44CAF3206A7FCD0038A822 /* PBXTargetDependency */ = {
			isa = PBXTargetDependency;
			target = 2F44CACD206A7FCD0038A822 /* Level_2 */;
			targetProxy = 2F44CAF2206A7FCD0038A822 /* PBXContainerItemProxy */;
		};
/* End PBXTargetDependency section */

/* Begin PBXVariantGroup section */
		2F44CAD7206A7FCD0038A822 /* Main.storyboard */ = {
			isa = PBXVariantGroup;
			children = (
				2F44CAD8206A7FCD0038A822 /* Base */,
			);
			name = Main.storyboard;
			sourceTree = "<group>";
		};
		2F44CADC206A7FCD0038A822 /* LaunchScreen.storyboard */ = {
			isa = PBXVariantGroup;
			children = (
				2F44CADD206A7FCD0038A822 /* Base */,
			);
			name = LaunchScreen.storyboard;
			sourceTree = "<group>";
		};
/* End PBXVariantGroup section */

/* Begin XCBuildConfiguration section */
		2F44CAF8206A7FCD0038A822 /* Debug */ = {
			isa = XCBuildConfiguration;
			buildSettings = {
				ALWAYS_SEARCH_USER_PATHS = NO;
				CLANG_ANALYZER_NONNULL = YES;
				CLANG_ANALYZER_NUMBER_OBJECT_CONVERSION = YES_AGGRESSIVE;
				CLANG_CXX_LANGUAGE_STANDARD = "gnu++14";
				CLANG_CXX_LIBRARY = "libc++";
				CLANG_ENABLE_MODULES = YES;
				CLANG_ENABLE_OBJC_ARC = YES;
				CLANG_WARN_BLOCK_CAPTURE_AUTORELEASING = YES;
				CLANG_WARN_BOOL_CONVERSION = YES;
				CLANG_WARN_COMMA = YES;
				CLANG_WARN_CONSTANT_CONVERSION = YES;
				CLANG_WARN_DIRECT_OBJC_ISA_USAGE = YES_ERROR;
				CLANG_WARN_DOCUMENTATION_COMMENTS = YES;
				CLANG_WARN_EMPTY_BODY = YES;
				CLANG_WARN_ENUM_CONVERSION = YES;
				CLANG_WARN_INFINITE_RECURSION = YES;
				CLANG_WARN_INT_CONVERSION = YES;
				CLANG_WARN_NON_LITERAL_NULL_CONVERSION = YES;
				CLANG_WARN_OBJC_LITERAL_CONVERSION = YES;
				CLANG_WARN_OBJC_ROOT_CLASS = YES_ERROR;
				CLANG_WARN_RANGE_LOOP_ANALYSIS = YES;
				CLANG_WARN_STRICT_PROTOTYPES = YES;
				CLANG_WARN_SUSPICIOUS_MOVE = YES;
				CLANG_WARN_UNGUARDED_AVAILABILITY = YES_AGGRESSIVE;
				CLANG_WARN_UNREACHABLE_CODE = YES;
				CLANG_WARN__DUPLICATE_METHOD_MATCH = YES;
				CODE_SIGN_IDENTITY = "iPhone Developer";
				COPY_PHASE_STRIP = NO;
				DEBUG_INFORMATION_FORMAT = dwarf;
				ENABLE_STRICT_OBJC_MSGSEND = YES;
				ENABLE_TESTABILITY = YES;
				GCC_C_LANGUAGE_STANDARD = gnu11;
				GCC_DYNAMIC_NO_PIC = NO;
				GCC_NO_COMMON_BLOCKS = YES;
				GCC_OPTIMIZATION_LEVEL = 0;
				GCC_PREPROCESSOR_DEFINITIONS = (
					"DEBUG=1",
					"$(inherited)",
				);
				GCC_WARN_64_TO_32_BIT_CONVERSION = YES;
				GCC_WARN_ABOUT_RETURN_TYPE = YES_ERROR;
				GCC_WARN_UNDECLARED_SELECTOR = YES;
				GCC_WARN_UNINITIALIZED_AUTOS = YES_AGGRESSIVE;
				GCC_WARN_UNUSED_FUNCTION = YES;
				GCC_WARN_UNUSED_VARIABLE = YES;
				IPHONEOS_DEPLOYMENT_TARGET = 11.2;
				MTL_ENABLE_DEBUG_INFO = YES;
				ONLY_ACTIVE_ARCH = YES;
				SDKROOT = iphoneos;
			};
			name = Debug;
		};
		2F44CAF9206A7FCD0038A822 /* Release */ = {
			isa = XCBuildConfiguration;
			buildSettings = {
				ALWAYS_SEARCH_USER_PATHS = NO;
				CLANG_ANALYZER_NONNULL = YES;
				CLANG_ANALYZER_NUMBER_OBJECT_CONVERSION = YES_AGGRESSIVE;
				CLANG_CXX_LANGUAGE_STANDARD = "gnu++14";
				CLANG_CXX_LIBRARY = "libc++";
				CLANG_ENABLE_MODULES = YES;
				CLANG_ENABLE_OBJC_ARC = YES;
				CLANG_WARN_BLOCK_CAPTURE_AUTORELEASING = YES;
				CLANG_WARN_BOOL_CONVERSION = YES;
				CLANG_WARN_COMMA = YES;
				CLANG_WARN_CONSTANT_CONVERSION = YES;
				CLANG_WARN_DIRECT_OBJC_ISA_USAGE = YES_ERROR;
				CLANG_WARN_DOCUMENTATION_COMMENTS = YES;
				CLANG_WARN_EMPTY_BODY = YES;
				CLANG_WARN_ENUM_CONVERSION = YES;
				CLANG_WARN_INFINITE_RECURSION = YES;
				CLANG_WARN_INT_CONVERSION = YES;
				CLANG_WARN_NON_LITERAL_NULL_CONVERSION = YES;
				CLANG_WARN_OBJC_LITERAL_CONVERSION = YES;
				CLANG_WARN_OBJC_ROOT_CLASS = YES_ERROR;
				CLANG_WARN_RANGE_LOOP_ANALYSIS = YES;
				CLANG_WARN_STRICT_PROTOTYPES = YES;
				CLANG_WARN_SUSPICIOUS_MOVE = YES;
				CLANG_WARN_UNGUARDED_AVAILABILITY = YES_AGGRESSIVE;
				CLANG_WARN_UNREACHABLE_CODE = YES;
				CLANG_WARN__DUPLICATE_METHOD_MATCH = YES;
				CODE_SIGN_IDENTITY = "iPhone Developer";
				COPY_PHASE_STRIP = NO;
				DEBUG_INFORMATION_FORMAT = "dwarf-with-dsym";
				ENABLE_NS_ASSERTIONS = NO;
				ENABLE_STRICT_OBJC_MSGSEND = YES;
				GCC_C_LANGUAGE_STANDARD = gnu11;
				GCC_NO_COMMON_BLOCKS = YES;
				GCC_WARN_64_TO_32_BIT_CONVERSION = YES;
				GCC_WARN_ABOUT_RETURN_TYPE = YES_ERROR;
				GCC_WARN_UNDECLARED_SELECTOR = YES;
				GCC_WARN_UNINITIALIZED_AUTOS = YES_AGGRESSIVE;
				GCC_WARN_UNUSED_FUNCTION = YES;
				GCC_WARN_UNUSED_VARIABLE = YES;
				IPHONEOS_DEPLOYMENT_TARGET = 11.2;
				MTL_ENABLE_DEBUG_INFO = NO;
				SDKROOT = iphoneos;
				VALIDATE_PRODUCT = YES;
			};
			name = Release;
		};
		2F44CAFB206A7FCD0038A822 /* Debug */ = {
			isa = XCBuildConfiguration;
			buildSettings = {
				ASSETCATALOG_COMPILER_APPICON_NAME = AppIcon;
				CODE_SIGN_STYLE = Automatic;
				DEVELOPMENT_TEAM = JGMUD2VWJ4;
				INFOPLIST_FILE = Level_2/Info.plist;
				LD_RUNPATH_SEARCH_PATHS = "$(inherited) @executable_path/Frameworks";
				PRODUCT_BUNDLE_IDENTIFIER = "dinglei.Level-2";
				PRODUCT_NAME = "$(TARGET_NAME)";
				TARGETED_DEVICE_FAMILY = "1,2";
			};
			name = Debug;
		};
		2F44CAFC206A7FCD0038A822 /* Release */ = {
			isa = XCBuildConfiguration;
			buildSettings = {
				ASSETCATALOG_COMPILER_APPICON_NAME = AppIcon;
				CODE_SIGN_STYLE = Automatic;
				DEVELOPMENT_TEAM = JGMUD2VWJ4;
				INFOPLIST_FILE = Level_2/Info.plist;
				LD_RUNPATH_SEARCH_PATHS = "$(inherited) @executable_path/Frameworks";
				PRODUCT_BUNDLE_IDENTIFIER = "dinglei.Level-2";
				PRODUCT_NAME = "$(TARGET_NAME)";
				TARGETED_DEVICE_FAMILY = "1,2";
			};
			name = Release;
		};
		2F44CAFE206A7FCD0038A822 /* Debug */ = {
			isa = XCBuildConfiguration;
			buildSettings = {
				BUNDLE_LOADER = "$(TEST_HOST)";
				CODE_SIGN_STYLE = Automatic;
				DEVELOPMENT_TEAM = JGMUD2VWJ4;
				INFOPLIST_FILE = Level_2Tests/Info.plist;
				LD_RUNPATH_SEARCH_PATHS = "$(inherited) @executable_path/Frameworks @loader_path/Frameworks";
				PRODUCT_BUNDLE_IDENTIFIER = "dinglei.Level-2Tests";
				PRODUCT_NAME = "$(TARGET_NAME)";
				TARGETED_DEVICE_FAMILY = "1,2";
				TEST_HOST = "$(BUILT_PRODUCTS_DIR)/Level_2.app/Level_2";
			};
			name = Debug;
		};
		2F44CAFF206A7FCD0038A822 /* Release */ = {
			isa = XCBuildConfiguration;
			buildSettings = {
				BUNDLE_LOADER = "$(TEST_HOST)";
				CODE_SIGN_STYLE = Automatic;
				DEVELOPMENT_TEAM = JGMUD2VWJ4;
				INFOPLIST_FILE = Level_2Tests/Info.plist;
				LD_RUNPATH_SEARCH_PATHS = "$(inherited) @executable_path/Frameworks @loader_path/Frameworks";
				PRODUCT_BUNDLE_IDENTIFIER = "dinglei.Level-2Tests";
				PRODUCT_NAME = "$(TARGET_NAME)";
				TARGETED_DEVICE_FAMILY = "1,2";
				TEST_HOST = "$(BUILT_PRODUCTS_DIR)/Level_2.app/Level_2";
			};
			name = Release;
		};
		2F44CB01206A7FCD0038A822 /* Debug */ = {
			isa = XCBuildConfiguration;
			buildSettings = {
				CODE_SIGN_STYLE = Automatic;
				DEVELOPMENT_TEAM = JGMUD2VWJ4;
				INFOPLIST_FILE = Level_2UITests/Info.plist;
				LD_RUNPATH_SEARCH_PATHS = "$(inherited) @executable_path/Frameworks @loader_path/Frameworks";
				PRODUCT_BUNDLE_IDENTIFIER = "dinglei.Level-2UITests";
				PRODUCT_NAME = "$(TARGET_NAME)";
				TARGETED_DEVICE_FAMILY = "1,2";
				TEST_TARGET_NAME = Level_2;
			};
			name = Debug;
		};
		2F44CB02206A7FCD0038A822 /* Release */ = {
			isa = XCBuildConfiguration;
			buildSettings = {
				CODE_SIGN_STYLE = Automatic;
				DEVELOPMENT_TEAM = JGMUD2VWJ4;
				INFOPLIST_FILE = Level_2UITests/Info.plist;
				LD_RUNPATH_SEARCH_PATHS = "$(inherited) @executable_path/Frameworks @loader_path/Frameworks";
				PRODUCT_BUNDLE_IDENTIFIER = "dinglei.Level-2UITests";
				PRODUCT_NAME = "$(TARGET_NAME)";
				TARGETED_DEVICE_FAMILY = "1,2";
				TEST_TARGET_NAME = Level_2;
			};
			name = Release;
		};
/* End XCBuildConfiguration section */

/* Begin XCConfigurationList section */
		2F44CAC9206A7FCD0038A822 /* Build configuration list for PBXProject "Level_2" */ = {
			isa = XCConfigurationList;
			buildConfigurations = (
				2F44CAF8206A7FCD0038A822 /* Debug */,
				2F44CAF9206A7FCD0038A822 /* Release */,
			);
			defaultConfigurationIsVisible = 0;
			defaultConfigurationName = Release;
		};
		2F44CAFA206A7FCD0038A822 /* Build configuration list for PBXNativeTarget "Level_2" */ = {
			isa = XCConfigurationList;
			buildConfigurations = (
				2F44CAFB206A7FCD0038A822 /* Debug */,
				2F44CAFC206A7FCD0038A822 /* Release */,
			);
			defaultConfigurationIsVisible = 0;
			defaultConfigurationName = Release;
		};
		2F44CAFD206A7FCD0038A822 /* Build configuration list for PBXNativeTarget "Level_2Tests" */ = {
			isa = XCConfigurationList;
			buildConfigurations = (
				2F44CAFE206A7FCD0038A822 /* Debug */,
				2F44CAFF206A7FCD0038A822 /* Release */,
			);
			defaultConfigurationIsVisible = 0;
			defaultConfigurationName = Release;
		};
		2F44CB00206A7FCD0038A822 /* Build configuration list for PBXNativeTarget "Level_2UITests" */ = {
			isa = XCConfigurationList;
			buildConfigurations = (
				2F44CB01206A7FCD0038A822 /* Debug */,
				2F44CB02206A7FCD0038A822 /* Release */,
			);
			defaultConfigurationIsVisible = 0;
			defaultConfigurationName = Release;
		};
/* End XCConfigurationList section */
	};
	rootObject = 2F44CAC6206A7FCD0038A822 /* Project object */;
}
